
Microsoft Visual Studio Solution File, Format Version 12.00
# Visual Studio Version 16
VisualStudioVersion = 16.0.30517.126
MinimumVisualStudioVersion = 10.0.40219.1
Project("{8BC9CEB8-8B4A-11D0-8D11-00A0C91BC942}") = "raytracerweeknd", "raytracerweeknd.vcxproj", "{F37F3697-845C-4CFE-BA47-140046A01626}"
EndProject
Global
	GlobalSection(SolutionConfigurationPlatforms) = preSolution
		Debug|x64 = Debug|x64
		Debug|x86 = Debug|x86
		Release|x64 = Release|x64
		Release|x86 = Release|x86
	EndGlobalSection
	GlobalSection(ProjectConfigurationPlatforms) = postSolution
		{F37F3697-845C-4CFE-BA47-140046A01626}.Debug|x64.ActiveCfg = Debug|x64
		{F37F3697-845C-4CFE-BA47-140046A01626}.Debug|x64.Build.0 = Debug|x64
		{F37F3697-845C-4CFE-BA47-140046A01626}.Debug|x86.ActiveCfg = Debug|Win32
		{F37F3697-845C-4CFE-BA47-140046A01626}.Debug|x86.Build.0 = Debug|Win32
		{F37F3697-845C-4CFE-BA47-140046A01626}.Release|x64.ActiveCfg = Release|x64
		{F37F3697-845C-4CFE-BA47-140046A01626}.Release|x64.Build.0 = Release|x64
		{F37F3697-845C-4CFE-BA47-140046A01626}.Release|x86.ActiveCfg = Release|Win32
		{F37F3697-845C-4CFE-BA47-140046A01626}.Release|x86.Build.0 = Release|Win32
	EndGlobalSection
	GlobalSection(SolutionProperties) = preSolution
		HideSolutionNode = FALSE
	EndGlobalSection
	GlobalSection(ExtensibilityGlobals) = postSolution
		SolutionGuid = {913FAD7B-2783-4494-B2B4-ABD602C52EC4}
	EndGlobalSection
EndGlobal
